
Microsoft Visual Studio Solution File, Format Version 12.00
# Visual Studio Version 16
VisualStudioVersion = 16.0.29519.181
MinimumVisualStudioVersion = 10.0.40219.1
Project("{8BC9CEB8-8B4A-11D0-8D11-00A0C91BC942}") = "bio_c++", "bio_c++\bio_c++.vcxproj", "{276788CB-9C68-4A9A-9BE5-C197916FB5A6}"
EndProject
Project("{8BC9CEB8-8B4A-11D0-8D11-00A0C91BC942}") = "libr_proj", "libr_proj\libr_proj.vcxproj", "{9DF42413-4DEE-4B5E-85EE-62E65FA5B6BA}"
EndProject
Global
	GlobalSection(SolutionConfigurationPlatforms) = preSolution
		Debug|x64 = Debug|x64
		Debug|x86 = Debug|x86
		Release|x64 = Release|x64
		Release|x86 = Release|x86
	EndGlobalSection
	GlobalSection(ProjectConfigurationPlatforms) = postSolution
		{276788CB-9C68-4A9A-9BE5-C197916FB5A6}.Debug|x64.ActiveCfg = Debug|x64
		{276788CB-9C68-4A9A-9BE5-C197916FB5A6}.Debug|x64.Build.0 = Debug|x64
		{276788CB-9C68-4A9A-9BE5-C197916FB5A6}.Debug|x86.ActiveCfg = Debug|Win32
		{276788CB-9C68-4A9A-9BE5-C197916FB5A6}.Debug|x86.Build.0 = Debug|Win32
		{276788CB-9C68-4A9A-9BE5-C197916FB5A6}.Release|x64.ActiveCfg = Release|x64
		{276788CB-9C68-4A9A-9BE5-C197916FB5A6}.Release|x64.Build.0 = Release|x64
		{276788CB-9C68-4A9A-9BE5-C197916FB5A6}.Release|x86.ActiveCfg = Release|Win32
		{276788CB-9C68-4A9A-9BE5-C197916FB5A6}.Release|x86.Build.0 = Release|Win32
		{9DF42413-4DEE-4B5E-85EE-62E65FA5B6BA}.Debug|x64.ActiveCfg = Debug|x64
		{9DF42413-4DEE-4B5E-85EE-62E65FA5B6BA}.Debug|x64.Build.0 = Debug|x64
		{9DF42413-4DEE-4B5E-85EE-62E65FA5B6BA}.Debug|x86.ActiveCfg = Debug|Win32
		{9DF42413-4DEE-4B5E-85EE-62E65FA5B6BA}.Debug|x86.Build.0 = Debug|Win32
		{9DF42413-4DEE-4B5E-85EE-62E65FA5B6BA}.Release|x64.ActiveCfg = Release|x64
		{9DF42413-4DEE-4B5E-85EE-62E65FA5B6BA}.Release|x64.Build.0 = Release|x64
		{9DF42413-4DEE-4B5E-85EE-62E65FA5B6BA}.Release|x86.ActiveCfg = Release|Win32
		{9DF42413-4DEE-4B5E-85EE-62E65FA5B6BA}.Release|x86.Build.0 = Release|Win32
	EndGlobalSection
	GlobalSection(SolutionProperties) = preSolution
		HideSolutionNode = FALSE
	EndGlobalSection
	GlobalSection(ExtensibilityGlobals) = postSolution
		SolutionGuid = {E3E14C27-DCBC-4EA1-88D7-FFEFE0DD0EB6}
	EndGlobalSection
EndGlobal
